
Microsoft Visual Studio Solution File, Format Version 12.00
# Visual Studio Version 17
VisualStudioVersion = 17.13.35931.197 d17.13
MinimumVisualStudioVersion = 10.0.40219.1
Project("{FAE04EC0-301F-11D3-BF4B-00C04F79EFBC}") = "QuizMester", "QuizMester\QuizMester.csproj", "{A580352D-0DB9-4DC7-BB6A-592894A45A02}"
EndProject
Global
	GlobalSection(SolutionConfigurationPlatforms) = preSolution
		Debug|Any CPU = Debug|Any CPU
		Release|Any CPU = Release|Any CPU
	EndGlobalSection
	GlobalSection(ProjectConfigurationPlatforms) = postSolution
		{A580352D-0DB9-4DC7-BB6A-592894A45A02}.Debug|Any CPU.ActiveCfg = Debug|Any CPU
		{A580352D-0DB9-4DC7-BB6A-592894A45A02}.Debug|Any CPU.Build.0 = Debug|Any CPU
		{A580352D-0DB9-4DC7-BB6A-592894A45A02}.Release|Any CPU.ActiveCfg = Release|Any CPU
		{A580352D-0DB9-4DC7-BB6A-592894A45A02}.Release|Any CPU.Build.0 = Release|Any CPU
	EndGlobalSection
	GlobalSection(SolutionProperties) = preSolution
		HideSolutionNode = FALSE
	EndGlobalSection
	GlobalSection(ExtensibilityGlobals) = postSolution
		SolutionGuid = {FD60826E-6C4D-4263-941B-97455A569A71}
	EndGlobalSection
EndGlobal
